
Microsoft Visual Studio Solution File, Format Version 12.00
# Visual Studio 15
VisualStudioVersion = 15.0.26403.7
MinimumVisualStudioVersion = 10.0.40219.1
Project("{2150E333-8FDC-42A3-9474-1A3956D46DE8}") = "02 Repository 数据驱动层", "02 Repository 数据驱动层", "{A4BE8BCC-837B-431B-8A72-A5B47899A436}"
EndProject
Project("{2150E333-8FDC-42A3-9474-1A3956D46DE8}") = "03 Domain 领域层", "03 Domain 领域层", "{A4923FD9-7016-4BCF-A926-AD5F729B974A}"
EndProject
Project("{2150E333-8FDC-42A3-9474-1A3956D46DE8}") = "05 Web UI层", "05 Web UI层", "{B04EBDD4-2BD1-49AF-BBA0-26DC18BDE90D}"
EndProject
Project("{2150E333-8FDC-42A3-9474-1A3956D46DE8}") = "04 Application 应用层", "04 Application 应用层", "{CC5DFE1C-8183-47E3-9A86-63726EF62D5C}"
EndProject
Project("{2150E333-8FDC-42A3-9474-1A3956D46DE8}") = "06 Test 测试", "06 Test 测试", "{19A1EAA4-31A7-4FD9-875F-BB505A63575D}"
EndProject
Project("{2150E333-8FDC-42A3-9474-1A3956D46DE8}") = "01 Common 工具层", "01 Common 工具层", "{2E5CD921-B311-4D4C-9BC6-27DD52447D50}"
EndProject
Project("{FAE04EC0-301F-11D3-BF4B-00C04F79EFBC}") = "Sprintthat.Common", "Sprintthat.Common\Sprintthat.Common.csproj", "{F21C617B-6FA4-491C-8769-7725D5868F66}"
EndProject
Project("{FAE04EC0-301F-11D3-BF4B-00C04F79EFBC}") = "Sprintthat.Data", "Sprintthat.Data\Sprintthat.Data.csproj", "{F5E851CA-6E5B-4161-B762-2B20EBE989BF}"
EndProject
Project("{FAE04EC0-301F-11D3-BF4B-00C04F79EFBC}") = "Sprintthat.Repository", "Sprintthat.Repository\Sprintthat.Repository.csproj", "{C1966364-0BF4-4682-B0CD-E9A17B084812}"
EndProject
Project("{FAE04EC0-301F-11D3-BF4B-00C04F79EFBC}") = "Sprintthat.Domain", "Sprintthat.Domain\Sprintthat.Domain.csproj", "{C2579ED0-8ECC-4BED-94A8-38D3172B0824}"
EndProject
Project("{FAE04EC0-301F-11D3-BF4B-00C04F79EFBC}") = "Sprintthat.Mapping", "Sprintthat.Mapping\Sprintthat.Mapping.csproj", "{F86D5E55-1CC3-40AE-B032-9145FA016A51}"
EndProject
Project("{FAE04EC0-301F-11D3-BF4B-00C04F79EFBC}") = "Sprintthat.Application", "Sprintthat.Application\Sprintthat.Application.csproj", "{91EE556E-3F11-4A0E-9396-603627BD88F5}"
EndProject
Project("{FAE04EC0-301F-11D3-BF4B-00C04F79EFBC}") = "Sprintthat.Mvc", "Sprintthat.Mvc\Sprintthat.Mvc.csproj", "{7F0E9F23-A601-410B-AAD3-713923F0A23F}"
EndProject
Project("{FAE04EC0-301F-11D3-BF4B-00C04F79EFBC}") = "Sprintthat.Test", "Sprintthat.Test\Sprintthat.Test.csproj", "{7C1A8115-2608-4853-A80E-0ACC483275D2}"
EndProject
Project("{FAE04EC0-301F-11D3-BF4B-00C04F79EFBC}") = "Sprintthat.WebApi", "Sprintthat.WebApi\Sprintthat.WebApi.csproj", "{4B73EB02-E0D8-4BDC-9213-9343560DE023}"
EndProject
Global
	GlobalSection(SolutionConfigurationPlatforms) = preSolution
		Debug|Any CPU = Debug|Any CPU
		Release|Any CPU = Release|Any CPU
	EndGlobalSection
	GlobalSection(ProjectConfigurationPlatforms) = postSolution
		{F21C617B-6FA4-491C-8769-7725D5868F66}.Debug|Any CPU.ActiveCfg = Debug|Any CPU
		{F21C617B-6FA4-491C-8769-7725D5868F66}.Debug|Any CPU.Build.0 = Debug|Any CPU
		{F21C617B-6FA4-491C-8769-7725D5868F66}.Release|Any CPU.ActiveCfg = Release|Any CPU
		{F21C617B-6FA4-491C-8769-7725D5868F66}.Release|Any CPU.Build.0 = Release|Any CPU
		{F5E851CA-6E5B-4161-B762-2B20EBE989BF}.Debug|Any CPU.ActiveCfg = Debug|Any CPU
		{F5E851CA-6E5B-4161-B762-2B20EBE989BF}.Debug|Any CPU.Build.0 = Debug|Any CPU
		{F5E851CA-6E5B-4161-B762-2B20EBE989BF}.Release|Any CPU.ActiveCfg = Release|Any CPU
		{F5E851CA-6E5B-4161-B762-2B20EBE989BF}.Release|Any CPU.Build.0 = Release|Any CPU
		{C1966364-0BF4-4682-B0CD-E9A17B084812}.Debug|Any CPU.ActiveCfg = Debug|Any CPU
		{C1966364-0BF4-4682-B0CD-E9A17B084812}.Debug|Any CPU.Build.0 = Debug|Any CPU
		{C1966364-0BF4-4682-B0CD-E9A17B084812}.Release|Any CPU.ActiveCfg = Release|Any CPU
		{C1966364-0BF4-4682-B0CD-E9A17B084812}.Release|Any CPU.Build.0 = Release|Any CPU
		{C2579ED0-8ECC-4BED-94A8-38D3172B0824}.Debug|Any CPU.ActiveCfg = Debug|Any CPU
		{C2579ED0-8ECC-4BED-94A8-38D3172B0824}.Debug|Any CPU.Build.0 = Debug|Any CPU
		{C2579ED0-8ECC-4BED-94A8-38D3172B0824}.Release|Any CPU.ActiveCfg = Release|Any CPU
		{C2579ED0-8ECC-4BED-94A8-38D3172B0824}.Release|Any CPU.Build.0 = Release|Any CPU
		{F86D5E55-1CC3-40AE-B032-9145FA016A51}.Debug|Any CPU.ActiveCfg = Debug|Any CPU
		{F86D5E55-1CC3-40AE-B032-9145FA016A51}.Debug|Any CPU.Build.0 = Debug|Any CPU
		{F86D5E55-1CC3-40AE-B032-9145FA016A51}.Release|Any CPU.ActiveCfg = Release|Any CPU
		{F86D5E55-1CC3-40AE-B032-9145FA016A51}.Release|Any CPU.Build.0 = Release|Any CPU
		{91EE556E-3F11-4A0E-9396-603627BD88F5}.Debug|Any CPU.ActiveCfg = Debug|Any CPU
		{91EE556E-3F11-4A0E-9396-603627BD88F5}.Debug|Any CPU.Build.0 = Debug|Any CPU
		{91EE556E-3F11-4A0E-9396-603627BD88F5}.Release|Any CPU.ActiveCfg = Release|Any CPU
		{91EE556E-3F11-4A0E-9396-603627BD88F5}.Release|Any CPU.Build.0 = Release|Any CPU
		{7F0E9F23-A601-410B-AAD3-713923F0A23F}.Debug|Any CPU.ActiveCfg = Debug|Any CPU
		{7F0E9F23-A601-410B-AAD3-713923F0A23F}.Debug|Any CPU.Build.0 = Debug|Any CPU
		{7F0E9F23-A601-410B-AAD3-713923F0A23F}.Release|Any CPU.ActiveCfg = Release|Any CPU
		{7F0E9F23-A601-410B-AAD3-713923F0A23F}.Release|Any CPU.Build.0 = Release|Any CPU
		{7C1A8115-2608-4853-A80E-0ACC483275D2}.Debug|Any CPU.ActiveCfg = Debug|Any CPU
		{7C1A8115-2608-4853-A80E-0ACC483275D2}.Debug|Any CPU.Build.0 = Debug|Any CPU
		{7C1A8115-2608-4853-A80E-0ACC483275D2}.Release|Any CPU.ActiveCfg = Release|Any CPU
		{7C1A8115-2608-4853-A80E-0ACC483275D2}.Release|Any CPU.Build.0 = Release|Any CPU
		{4B73EB02-E0D8-4BDC-9213-9343560DE023}.Debug|Any CPU.ActiveCfg = Debug|Any CPU
		{4B73EB02-E0D8-4BDC-9213-9343560DE023}.Debug|Any CPU.Build.0 = Debug|Any CPU
		{4B73EB02-E0D8-4BDC-9213-9343560DE023}.Release|Any CPU.ActiveCfg = Release|Any CPU
		{4B73EB02-E0D8-4BDC-9213-9343560DE023}.Release|Any CPU.Build.0 = Release|Any CPU
	EndGlobalSection
	GlobalSection(SolutionProperties) = preSolution
		HideSolutionNode = FALSE
	EndGlobalSection
	GlobalSection(NestedProjects) = preSolution
		{F21C617B-6FA4-491C-8769-7725D5868F66} = {2E5CD921-B311-4D4C-9BC6-27DD52447D50}
		{F5E851CA-6E5B-4161-B762-2B20EBE989BF} = {A4BE8BCC-837B-431B-8A72-A5B47899A436}
		{C1966364-0BF4-4682-B0CD-E9A17B084812} = {A4BE8BCC-837B-431B-8A72-A5B47899A436}
		{C2579ED0-8ECC-4BED-94A8-38D3172B0824} = {A4923FD9-7016-4BCF-A926-AD5F729B974A}
		{F86D5E55-1CC3-40AE-B032-9145FA016A51} = {A4923FD9-7016-4BCF-A926-AD5F729B974A}
		{91EE556E-3F11-4A0E-9396-603627BD88F5} = {CC5DFE1C-8183-47E3-9A86-63726EF62D5C}
		{7F0E9F23-A601-410B-AAD3-713923F0A23F} = {B04EBDD4-2BD1-49AF-BBA0-26DC18BDE90D}
		{7C1A8115-2608-4853-A80E-0ACC483275D2} = {19A1EAA4-31A7-4FD9-875F-BB505A63575D}
		{4B73EB02-E0D8-4BDC-9213-9343560DE023} = {B04EBDD4-2BD1-49AF-BBA0-26DC18BDE90D}
	EndGlobalSection
EndGlobal
